
Microsoft Visual Studio Solution File, Format Version 12.00
# Visual Studio 15
VisualStudioVersion = 15.0.28010.2041
MinimumVisualStudioVersion = 10.0.40219.1
Project("{FAE04EC0-301F-11D3-BF4B-00C04F79EFBC}") = "GraMonolitycznie", "GraMonolitycznie\GraMonolitycznie.csproj", "{237E2C0A-B7AE-43AB-AF08-D8E155930F2D}"
EndProject
Project("{FAE04EC0-301F-11D3-BF4B-00C04F79EFBC}") = "GraProceduralnie", "GraProceduralnie\GraProceduralnie.csproj", "{3366416F-C832-41D7-90A3-6391B3A28D54}"
EndProject
Project("{9A19103F-16F7-4668-BE54-9A1E7A4F7556}") = "ModelGry", "ModelGry\ModelGry.csproj", "{E1FCEE59-BE69-48A7-A3F0-BCBA5A7CC12F}"
EndProject
Project("{FAE04EC0-301F-11D3-BF4B-00C04F79EFBC}") = "UnitTestProjectModelGry", "UnitTestProjectModelGry\UnitTestProjectModelGry.csproj", "{1E2AE403-ABDD-48BA-AFFB-4066966F3636}"
EndProject
Project("{FAE04EC0-301F-11D3-BF4B-00C04F79EFBC}") = "GraGUI", "GraGUI\GraGUI.csproj", "{43E8F14A-20FD-4777-80A0-B26F58F82FC3}"
EndProject
Global
	GlobalSection(SolutionConfigurationPlatforms) = preSolution
		Debug|Any CPU = Debug|Any CPU
		Release|Any CPU = Release|Any CPU
	EndGlobalSection
	GlobalSection(ProjectConfigurationPlatforms) = postSolution
		{237E2C0A-B7AE-43AB-AF08-D8E155930F2D}.Debug|Any CPU.ActiveCfg = Debug|Any CPU
		{237E2C0A-B7AE-43AB-AF08-D8E155930F2D}.Debug|Any CPU.Build.0 = Debug|Any CPU
		{237E2C0A-B7AE-43AB-AF08-D8E155930F2D}.Release|Any CPU.ActiveCfg = Release|Any CPU
		{237E2C0A-B7AE-43AB-AF08-D8E155930F2D}.Release|Any CPU.Build.0 = Release|Any CPU
		{3366416F-C832-41D7-90A3-6391B3A28D54}.Debug|Any CPU.ActiveCfg = Debug|Any CPU
		{3366416F-C832-41D7-90A3-6391B3A28D54}.Debug|Any CPU.Build.0 = Debug|Any CPU
		{3366416F-C832-41D7-90A3-6391B3A28D54}.Release|Any CPU.ActiveCfg = Release|Any CPU
		{3366416F-C832-41D7-90A3-6391B3A28D54}.Release|Any CPU.Build.0 = Release|Any CPU
		{E1FCEE59-BE69-48A7-A3F0-BCBA5A7CC12F}.Debug|Any CPU.ActiveCfg = Debug|Any CPU
		{E1FCEE59-BE69-48A7-A3F0-BCBA5A7CC12F}.Debug|Any CPU.Build.0 = Debug|Any CPU
		{E1FCEE59-BE69-48A7-A3F0-BCBA5A7CC12F}.Release|Any CPU.ActiveCfg = Release|Any CPU
		{E1FCEE59-BE69-48A7-A3F0-BCBA5A7CC12F}.Release|Any CPU.Build.0 = Release|Any CPU
		{1E2AE403-ABDD-48BA-AFFB-4066966F3636}.Debug|Any CPU.ActiveCfg = Debug|Any CPU
		{1E2AE403-ABDD-48BA-AFFB-4066966F3636}.Debug|Any CPU.Build.0 = Debug|Any CPU
		{1E2AE403-ABDD-48BA-AFFB-4066966F3636}.Release|Any CPU.ActiveCfg = Release|Any CPU
		{1E2AE403-ABDD-48BA-AFFB-4066966F3636}.Release|Any CPU.Build.0 = Release|Any CPU
		{43E8F14A-20FD-4777-80A0-B26F58F82FC3}.Debug|Any CPU.ActiveCfg = Debug|Any CPU
		{43E8F14A-20FD-4777-80A0-B26F58F82FC3}.Debug|Any CPU.Build.0 = Debug|Any CPU
		{43E8F14A-20FD-4777-80A0-B26F58F82FC3}.Release|Any CPU.ActiveCfg = Release|Any CPU
		{43E8F14A-20FD-4777-80A0-B26F58F82FC3}.Release|Any CPU.Build.0 = Release|Any CPU
	EndGlobalSection
	GlobalSection(SolutionProperties) = preSolution
		HideSolutionNode = FALSE
	EndGlobalSection
	GlobalSection(ExtensibilityGlobals) = postSolution
		SolutionGuid = {8D9C59F0-52D6-44EC-8339-6DCF39074492}
	EndGlobalSection
EndGlobal
